<Solution>
  <Project Path="../../../01 Projects/01 Active/Service.Account/Service.Account/Service.Account/Service.Account.API/Service.Account.API.csproj" />
  <Project Path="../../../01 Projects/01 Active/Service.Account/Service.Account/Service.Account/Service.Account.Domain.DependencyInjection/Service.Account.Domain.DependencyInjection.csproj" />
  <Project Path="../../../01 Projects/01 Active/Service.Account/Service.Account/Service.Account/Service.Account.Domain/Service.Account.Domain.csproj" />
  <Project Path="../../../01 Projects/01 Active/Service.Account/Service.Account/Service.Account/Service.Account.E2E/Service.Account.E2E.csproj" />
  <Project Path="../../../01 Projects/01 Active/Service.Account/Service.Account/Service.Account/Service.Account.Storage.DependencyInjection/Service.Account.Storage.DependencyInjection.csproj" />
  <Project Path="../../../01 Projects/01 Active/Service.Account/Service.Account/Service.Account/Service.Account.Storage/Service.Account.Storage.csproj" />
</Solution>
